
Microsoft Visual Studio Solution File, Format Version 12.00
# Visual Studio 14
VisualStudioVersion = 14.0.25420.1
MinimumVisualStudioVersion = 10.0.40219.1
Project("{8BC9CEB8-8B4A-11D0-8D11-00A0C91BC942}") = "A01", "Projects\A01\A01.vcxproj", "{88BC2BFE-BA9C-4B0A-BDB1-52986A8606EC}"
EndProject
Global
	GlobalSection(SolutionConfigurationPlatforms) = preSolution
		Debug|Mixed Platforms = Debug|Mixed Platforms
		Debug|Win32 = Debug|Win32
		Debug|x64 = Debug|x64
		Debug|x86 = Debug|x86
		Release|Mixed Platforms = Release|Mixed Platforms
		Release|Win32 = Release|Win32
		Release|x64 = Release|x64
		Release|x86 = Release|x86
	EndGlobalSection
	GlobalSection(ProjectConfigurationPlatforms) = postSolution
		{88BC2BFE-BA9C-4B0A-BDB1-52986A8606EC}.Debug|Mixed Platforms.ActiveCfg = Debug|Win32
		{88BC2BFE-BA9C-4B0A-BDB1-52986A8606EC}.Debug|Mixed Platforms.Build.0 = Debug|Win32
		{88BC2BFE-BA9C-4B0A-BDB1-52986A8606EC}.Debug|Win32.ActiveCfg = Debug|Win32
		{88BC2BFE-BA9C-4B0A-BDB1-52986A8606EC}.Debug|Win32.Build.0 = Debug|Win32
		{88BC2BFE-BA9C-4B0A-BDB1-52986A8606EC}.Debug|x64.ActiveCfg = Debug|x64
		{88BC2BFE-BA9C-4B0A-BDB1-52986A8606EC}.Debug|x86.ActiveCfg = Debug|Win32
		{88BC2BFE-BA9C-4B0A-BDB1-52986A8606EC}.Debug|x86.Build.0 = Debug|Win32
		{88BC2BFE-BA9C-4B0A-BDB1-52986A8606EC}.Release|Mixed Platforms.ActiveCfg = Release|Win32
		{88BC2BFE-BA9C-4B0A-BDB1-52986A8606EC}.Release|Mixed Platforms.Build.0 = Release|Win32
		{88BC2BFE-BA9C-4B0A-BDB1-52986A8606EC}.Release|Win32.ActiveCfg = Release|Win32
		{88BC2BFE-BA9C-4B0A-BDB1-52986A8606EC}.Release|Win32.Build.0 = Release|Win32
		{88BC2BFE-BA9C-4B0A-BDB1-52986A8606EC}.Release|x64.ActiveCfg = Release|x64
		{88BC2BFE-BA9C-4B0A-BDB1-52986A8606EC}.Release|x64.Build.0 = Release|x64
		{88BC2BFE-BA9C-4B0A-BDB1-52986A8606EC}.Release|x86.ActiveCfg = Release|Win32
		{88BC2BFE-BA9C-4B0A-BDB1-52986A8606EC}.Release|x86.Build.0 = Release|Win32
	EndGlobalSection
	GlobalSection(SolutionProperties) = preSolution
		HideSolutionNode = FALSE
	EndGlobalSection
EndGlobal
